
Microsoft Visual Studio Solution File, Format Version 12.00
# Visual Studio 2015
Project("{FAE04EC0-301F-11D3-BF4B-00C04F79EFBC}") = "Cube-Tic.CSharp.Plugins", "Cube-Tic.CSharp.Plugins.csproj", "{0BF84485-0968-908E-1832-8E2C5EAFD012}"
EndProject
Project("{FAE04EC0-301F-11D3-BF4B-00C04F79EFBC}") = "Cube-Tic.CSharp", "Cube-Tic.CSharp.csproj", "{31D75613-D470-F924-15DB-8CBF4215A7D3}"
EndProject
Project("{FAE04EC0-301F-11D3-BF4B-00C04F79EFBC}") = "Cube-Tic.CSharp.Editor", "Cube-Tic.CSharp.Editor.csproj", "{9AB57AE0-647C-DA38-7B9A-02142E0807D7}"
EndProject
Global
	GlobalSection(SolutionConfigurationPlatforms) = preSolution
		Debug|Any CPU = Debug|Any CPU
		Release|Any CPU = Release|Any CPU
	EndGlobalSection
	GlobalSection(ProjectConfigurationPlatforms) = postSolution
		{0BF84485-0968-908E-1832-8E2C5EAFD012}.Debug|Any CPU.ActiveCfg = Debug|Any CPU
		{0BF84485-0968-908E-1832-8E2C5EAFD012}.Debug|Any CPU.Build.0 = Debug|Any CPU
		{0BF84485-0968-908E-1832-8E2C5EAFD012}.Release|Any CPU.ActiveCfg = Release|Any CPU
		{0BF84485-0968-908E-1832-8E2C5EAFD012}.Release|Any CPU.Build.0 = Release|Any CPU
		{31D75613-D470-F924-15DB-8CBF4215A7D3}.Debug|Any CPU.ActiveCfg = Debug|Any CPU
		{31D75613-D470-F924-15DB-8CBF4215A7D3}.Debug|Any CPU.Build.0 = Debug|Any CPU
		{31D75613-D470-F924-15DB-8CBF4215A7D3}.Release|Any CPU.ActiveCfg = Release|Any CPU
		{31D75613-D470-F924-15DB-8CBF4215A7D3}.Release|Any CPU.Build.0 = Release|Any CPU
		{9AB57AE0-647C-DA38-7B9A-02142E0807D7}.Debug|Any CPU.ActiveCfg = Debug|Any CPU
		{9AB57AE0-647C-DA38-7B9A-02142E0807D7}.Debug|Any CPU.Build.0 = Debug|Any CPU
		{9AB57AE0-647C-DA38-7B9A-02142E0807D7}.Release|Any CPU.ActiveCfg = Release|Any CPU
		{9AB57AE0-647C-DA38-7B9A-02142E0807D7}.Release|Any CPU.Build.0 = Release|Any CPU
	EndGlobalSection
	GlobalSection(SolutionProperties) = preSolution
		HideSolutionNode = FALSE
	EndGlobalSection
EndGlobal
